
Microsoft Visual Studio Solution File, Format Version 12.00
# Visual Studio Version 17
VisualStudioVersion = 17.6.33723.286
MinimumVisualStudioVersion = 10.0.40219.1
Project("{FAE04EC0-301F-11D3-BF4B-00C04F79EFBC}") = "QUQU", "QUQU.csproj", "{9585A3D1-3158-41B4-B6A2-F8000BA308FA}"
EndProject
Global
	GlobalSection(SolutionConfigurationPlatforms) = preSolution
		Debug|Any CPU = Debug|Any CPU
		Release|Any CPU = Release|Any CPU
	EndGlobalSection
	GlobalSection(ProjectConfigurationPlatforms) = postSolution
		{9585A3D1-3158-41B4-B6A2-F8000BA308FA}.Debug|Any CPU.ActiveCfg = Debug|Any CPU
		{9585A3D1-3158-41B4-B6A2-F8000BA308FA}.Debug|Any CPU.Build.0 = Debug|Any CPU
		{9585A3D1-3158-41B4-B6A2-F8000BA308FA}.Release|Any CPU.ActiveCfg = Release|Any CPU
		{9585A3D1-3158-41B4-B6A2-F8000BA308FA}.Release|Any CPU.Build.0 = Release|Any CPU
	EndGlobalSection
	GlobalSection(SolutionProperties) = preSolution
		HideSolutionNode = FALSE
	EndGlobalSection
	GlobalSection(ExtensibilityGlobals) = postSolution
		SolutionGuid = {5140F6C4-9AF4-4B91-A2E3-2227E913C79F}
	EndGlobalSection
EndGlobal
